
Microsoft Visual Studio Solution File, Format Version 12.00
# Visual Studio Version 17
VisualStudioVersion = 17.8.34330.188
MinimumVisualStudioVersion = 10.0.40219.1
Project("{2150E333-8FDC-42A3-9474-1A3956D46DE8}") = "NET", "NET", "{36D591C7-65C7-A0D1-1CBC-10CDE441BDC8}"
EndProject
Project("{2150E333-8FDC-42A3-9474-1A3956D46DE8}") = "NF", "NF", "{945C12FE-B4E6-44FD-9F66-BF5761540C70}"
EndProject
Project("{FAE04EC0-301F-11D3-BF4B-00C04F79EFBC}") = "ClsIni", "NF\ClsIni\ClsIni.csproj", "{1BEA14B2-A7C5-9E9A-A926-FBC1564E3DE9}"
EndProject
Project("{FAE04EC0-301F-11D3-BF4B-00C04F79EFBC}") = "Extensions", "NF\Extensions\Extensions.csproj", "{DAA516EF-7E7A-B944-808F-6A6E4387263A}"
EndProject
Project("{FAE04EC0-301F-11D3-BF4B-00C04F79EFBC}") = "Infrastructure", "NF\Infrastructure\Infrastructure.csproj", "{732FEB22-469D-47FF-81E4-FF61D67573E2}"
EndProject
Project("{FAE04EC0-301F-11D3-BF4B-00C04F79EFBC}") = "MessageService", "NF\MessageService\MessageService.csproj", "{FB8417C2-1137-05D0-9A71-812B1CA1E2B6}"
EndProject
Project("{FAE04EC0-301F-11D3-BF4B-00C04F79EFBC}") = "UtilitesString", "NF\UtilitesString\UtilitesString.csproj", "{1923BD11-0E59-88CB-5FF6-ABE58AB4C5BC}"
EndProject
Project("{FAE04EC0-301F-11D3-BF4B-00C04F79EFBC}") = "AsmInfo", "NF\AsmInfo\AsmInfo.csproj", "{B438F9F9-2670-C717-77C8-5C8633BFE162}"
EndProject
Project("{9A19103F-16F7-4668-BE54-9A1E7A4F7556}") = "ConsoleNET", "test\ConsoleNET\ConsoleNET.csproj", "{DF71A340-D969-4EA2-AC0F-2DDC31F07EFC}"
EndProject
Project("{9A19103F-16F7-4668-BE54-9A1E7A4F7556}") = "Infrastructure.NET", "NET\Infrastructure.NET\Infrastructure.NET.csproj", "{63054496-F5E4-9E3D-3064-6187CDB880FE}"
EndProject
Project("{9A19103F-16F7-4668-BE54-9A1E7A4F7556}") = "MessageService.NET", "NET\MessageService.NET\MessageService.NET.csproj", "{16652DA4-2C7E-6021-C5BA-F7A44BCB9398}"
EndProject
Project("{9A19103F-16F7-4668-BE54-9A1E7A4F7556}") = "AsmInfo.NET", "NET\AsmInfo.NET\AsmInfo.NET.csproj", "{5BC58D47-5F47-4E94-9B58-6DF230DB7B4A}"
EndProject
Project("{9A19103F-16F7-4668-BE54-9A1E7A4F7556}") = "ClsIni.NET", "NET\ClsIni.NET\ClsIni.NET.csproj", "{22C8D994-18FD-46D6-8924-B3DBC7F70D80}"
EndProject
Project("{2150E333-8FDC-42A3-9474-1A3956D46DE8}") = "DEB", "DEB", "{29052956-2A94-418A-891B-742566B864D7}"
EndProject
Project("{FAE04EC0-301F-11D3-BF4B-00C04F79EFBC}") = "Test CMD INFO NF", "Test\Console\Test CMD INFO NF.csproj", "{75B4711A-B866-4416-A1F3-CAFE10FE9352}"
EndProject
Project("{FAE04EC0-301F-11D3-BF4B-00C04F79EFBC}") = "Console", "..\..\..\Console_TEST\ConsoleNF\Console.csproj", "{982B391B-C9D1-444E-8562-277B00724867}"
EndProject
Global
	GlobalSection(SolutionConfigurationPlatforms) = preSolution
		Debug|Any CPU = Debug|Any CPU
		Release|Any CPU = Release|Any CPU
	EndGlobalSection
	GlobalSection(ProjectConfigurationPlatforms) = postSolution
		{1BEA14B2-A7C5-9E9A-A926-FBC1564E3DE9}.Debug|Any CPU.ActiveCfg = Debug|Any CPU
		{1BEA14B2-A7C5-9E9A-A926-FBC1564E3DE9}.Debug|Any CPU.Build.0 = Debug|Any CPU
		{1BEA14B2-A7C5-9E9A-A926-FBC1564E3DE9}.Release|Any CPU.ActiveCfg = Release|Any CPU
		{1BEA14B2-A7C5-9E9A-A926-FBC1564E3DE9}.Release|Any CPU.Build.0 = Release|Any CPU
		{DAA516EF-7E7A-B944-808F-6A6E4387263A}.Debug|Any CPU.ActiveCfg = Debug|Any CPU
		{DAA516EF-7E7A-B944-808F-6A6E4387263A}.Debug|Any CPU.Build.0 = Debug|Any CPU
		{DAA516EF-7E7A-B944-808F-6A6E4387263A}.Release|Any CPU.ActiveCfg = Release|Any CPU
		{DAA516EF-7E7A-B944-808F-6A6E4387263A}.Release|Any CPU.Build.0 = Release|Any CPU
		{732FEB22-469D-47FF-81E4-FF61D67573E2}.Debug|Any CPU.ActiveCfg = Debug|Any CPU
		{732FEB22-469D-47FF-81E4-FF61D67573E2}.Debug|Any CPU.Build.0 = Debug|Any CPU
		{732FEB22-469D-47FF-81E4-FF61D67573E2}.Release|Any CPU.ActiveCfg = Release|Any CPU
		{732FEB22-469D-47FF-81E4-FF61D67573E2}.Release|Any CPU.Build.0 = Release|Any CPU
		{FB8417C2-1137-05D0-9A71-812B1CA1E2B6}.Debug|Any CPU.ActiveCfg = Debug|Any CPU
		{FB8417C2-1137-05D0-9A71-812B1CA1E2B6}.Debug|Any CPU.Build.0 = Debug|Any CPU
		{FB8417C2-1137-05D0-9A71-812B1CA1E2B6}.Release|Any CPU.ActiveCfg = Release|Any CPU
		{FB8417C2-1137-05D0-9A71-812B1CA1E2B6}.Release|Any CPU.Build.0 = Release|Any CPU
		{1923BD11-0E59-88CB-5FF6-ABE58AB4C5BC}.Debug|Any CPU.ActiveCfg = Debug|Any CPU
		{1923BD11-0E59-88CB-5FF6-ABE58AB4C5BC}.Debug|Any CPU.Build.0 = Debug|Any CPU
		{1923BD11-0E59-88CB-5FF6-ABE58AB4C5BC}.Release|Any CPU.ActiveCfg = Release|Any CPU
		{1923BD11-0E59-88CB-5FF6-ABE58AB4C5BC}.Release|Any CPU.Build.0 = Release|Any CPU
		{B438F9F9-2670-C717-77C8-5C8633BFE162}.Debug|Any CPU.ActiveCfg = Debug|Any CPU
		{B438F9F9-2670-C717-77C8-5C8633BFE162}.Debug|Any CPU.Build.0 = Debug|Any CPU
		{B438F9F9-2670-C717-77C8-5C8633BFE162}.Release|Any CPU.ActiveCfg = Release|Any CPU
		{B438F9F9-2670-C717-77C8-5C8633BFE162}.Release|Any CPU.Build.0 = Release|Any CPU
		{DF71A340-D969-4EA2-AC0F-2DDC31F07EFC}.Debug|Any CPU.ActiveCfg = Debug|Any CPU
		{DF71A340-D969-4EA2-AC0F-2DDC31F07EFC}.Debug|Any CPU.Build.0 = Debug|Any CPU
		{DF71A340-D969-4EA2-AC0F-2DDC31F07EFC}.Release|Any CPU.ActiveCfg = Release|Any CPU
		{DF71A340-D969-4EA2-AC0F-2DDC31F07EFC}.Release|Any CPU.Build.0 = Release|Any CPU
		{63054496-F5E4-9E3D-3064-6187CDB880FE}.Debug|Any CPU.ActiveCfg = Debug|Any CPU
		{63054496-F5E4-9E3D-3064-6187CDB880FE}.Debug|Any CPU.Build.0 = Debug|Any CPU
		{63054496-F5E4-9E3D-3064-6187CDB880FE}.Release|Any CPU.ActiveCfg = Release|Any CPU
		{63054496-F5E4-9E3D-3064-6187CDB880FE}.Release|Any CPU.Build.0 = Release|Any CPU
		{16652DA4-2C7E-6021-C5BA-F7A44BCB9398}.Debug|Any CPU.ActiveCfg = Debug|Any CPU
		{16652DA4-2C7E-6021-C5BA-F7A44BCB9398}.Debug|Any CPU.Build.0 = Debug|Any CPU
		{16652DA4-2C7E-6021-C5BA-F7A44BCB9398}.Release|Any CPU.ActiveCfg = Release|Any CPU
		{16652DA4-2C7E-6021-C5BA-F7A44BCB9398}.Release|Any CPU.Build.0 = Release|Any CPU
		{5BC58D47-5F47-4E94-9B58-6DF230DB7B4A}.Debug|Any CPU.ActiveCfg = Debug|Any CPU
		{5BC58D47-5F47-4E94-9B58-6DF230DB7B4A}.Debug|Any CPU.Build.0 = Debug|Any CPU
		{5BC58D47-5F47-4E94-9B58-6DF230DB7B4A}.Release|Any CPU.ActiveCfg = Release|Any CPU
		{5BC58D47-5F47-4E94-9B58-6DF230DB7B4A}.Release|Any CPU.Build.0 = Release|Any CPU
		{22C8D994-18FD-46D6-8924-B3DBC7F70D80}.Debug|Any CPU.ActiveCfg = Debug|Any CPU
		{22C8D994-18FD-46D6-8924-B3DBC7F70D80}.Debug|Any CPU.Build.0 = Debug|Any CPU
		{22C8D994-18FD-46D6-8924-B3DBC7F70D80}.Release|Any CPU.ActiveCfg = Release|Any CPU
		{22C8D994-18FD-46D6-8924-B3DBC7F70D80}.Release|Any CPU.Build.0 = Release|Any CPU
		{75B4711A-B866-4416-A1F3-CAFE10FE9352}.Debug|Any CPU.ActiveCfg = Debug|Any CPU
		{75B4711A-B866-4416-A1F3-CAFE10FE9352}.Debug|Any CPU.Build.0 = Debug|Any CPU
		{75B4711A-B866-4416-A1F3-CAFE10FE9352}.Release|Any CPU.ActiveCfg = Release|Any CPU
		{75B4711A-B866-4416-A1F3-CAFE10FE9352}.Release|Any CPU.Build.0 = Release|Any CPU
		{982B391B-C9D1-444E-8562-277B00724867}.Debug|Any CPU.ActiveCfg = Debug|Any CPU
		{982B391B-C9D1-444E-8562-277B00724867}.Debug|Any CPU.Build.0 = Debug|Any CPU
		{982B391B-C9D1-444E-8562-277B00724867}.Release|Any CPU.ActiveCfg = Release|Any CPU
		{982B391B-C9D1-444E-8562-277B00724867}.Release|Any CPU.Build.0 = Release|Any CPU
	EndGlobalSection
	GlobalSection(SolutionProperties) = preSolution
		HideSolutionNode = FALSE
	EndGlobalSection
	GlobalSection(NestedProjects) = preSolution
		{1BEA14B2-A7C5-9E9A-A926-FBC1564E3DE9} = {945C12FE-B4E6-44FD-9F66-BF5761540C70}
		{DAA516EF-7E7A-B944-808F-6A6E4387263A} = {945C12FE-B4E6-44FD-9F66-BF5761540C70}
		{732FEB22-469D-47FF-81E4-FF61D67573E2} = {945C12FE-B4E6-44FD-9F66-BF5761540C70}
		{FB8417C2-1137-05D0-9A71-812B1CA1E2B6} = {945C12FE-B4E6-44FD-9F66-BF5761540C70}
		{1923BD11-0E59-88CB-5FF6-ABE58AB4C5BC} = {945C12FE-B4E6-44FD-9F66-BF5761540C70}
		{B438F9F9-2670-C717-77C8-5C8633BFE162} = {945C12FE-B4E6-44FD-9F66-BF5761540C70}
		{DF71A340-D969-4EA2-AC0F-2DDC31F07EFC} = {29052956-2A94-418A-891B-742566B864D7}
		{63054496-F5E4-9E3D-3064-6187CDB880FE} = {36D591C7-65C7-A0D1-1CBC-10CDE441BDC8}
		{16652DA4-2C7E-6021-C5BA-F7A44BCB9398} = {36D591C7-65C7-A0D1-1CBC-10CDE441BDC8}
		{5BC58D47-5F47-4E94-9B58-6DF230DB7B4A} = {36D591C7-65C7-A0D1-1CBC-10CDE441BDC8}
		{22C8D994-18FD-46D6-8924-B3DBC7F70D80} = {36D591C7-65C7-A0D1-1CBC-10CDE441BDC8}
		{75B4711A-B866-4416-A1F3-CAFE10FE9352} = {29052956-2A94-418A-891B-742566B864D7}
		{982B391B-C9D1-444E-8562-277B00724867} = {29052956-2A94-418A-891B-742566B864D7}
	EndGlobalSection
	GlobalSection(ExtensibilityGlobals) = postSolution
		SolutionGuid = {E3BD4D2F-2C64-41CC-A702-00D7F886D28D}
	EndGlobalSection
EndGlobal
